version = 1
revision = 3
requires-python = ">=3.11"

[[package]]
name = "final-project"
version = "0.1.0"
source = { virtual = "." }
dependencies = [
    { name = "nvidia-cudnn-cu12" },
]

[package.metadata]
requires-dist = [{ name = "nvidia-cudnn-cu12", specifier = ">=9.23.2.1" }]

[[package]]
name = "nvidia-cublas-cu12"
version = "12.9.2.10"
source = { registry = "https://pypi.org/simple" }
dependencies = [
    { name = "nvidia-cuda-nvrtc-cu12" },
]
wheels = [
    { url = "https://files.pythonhosted.org/packages/f7/a2/c96163a0fff1839c0c9548bbdeae7b853b867009e33b9b9264adc238b1cf/nvidia_cublas_cu12-12.9.2.10-py3-none-manylinux_2_27_aarch64.whl", hash = "sha256:5572131a59c3eebeeb1c4c8144f772d49372c20124916e072a0e3fc30df421d5", size = 575012079, upload-time = "2026-04-08T18:51:47.303Z" },
    { url = "https://files.pythonhosted.org/packages/cb/c0/0a517bfe63ccd3b92eb254d264e28fca3c7cab75d07daea315250fb1bf73/nvidia_cublas_cu12-12.9.2.10-py3-none-manylinux_2_27_x86_64.whl", hash = "sha256:e4f53a8ca8c5d6e8c492d0d0a3d565ecb59a751b19cfdaa4f6da0ab2104c1702", size = 581240110, upload-time = "2026-04-08T18:52:31.532Z" },
    { url = "https://files.pythonhosted.org/packages/20/e2/fc9a0e985249d873150276d5afb02e39a66817fedbf1a385724393e505ed/nvidia_cublas_cu12-12.9.2.10-py3-none-win_amd64.whl", hash = "sha256:623f43027d40d44ceadf0043f002bd25cf353e8f13ce90b9a87057019f560661", size = 553162896, upload-time = "2026-04-08T18:53:10.035Z" },
]

[[package]]
name = "nvidia-cuda-nvrtc-cu12"
version = "12.9.86"
source = { registry = "https://pypi.org/simple" }
wheels = [
    { url = "https://files.pythonhosted.org/packages/b8/85/e4af82cc9202023862090bfca4ea827d533329e925c758f0cde964cb54b7/nvidia_cuda_nvrtc_cu12-12.9.86-py3-none-manylinux2010_x86_64.manylinux_2_12_x86_64.whl", hash = "sha256:210cf05005a447e29214e9ce50851e83fc5f4358df8b453155d5e1918094dcb4", size = 89568129, upload-time = "2025-06-05T20:02:41.973Z" },
    { url = "https://files.pythonhosted.org/packages/64/eb/c2295044b8f3b3b08860e2f6a912b702fc92568a167259df5dddb78f325e/nvidia_cuda_nvrtc_cu12-12.9.86-py3-none-manylinux2014_aarch64.manylinux_2_17_aarch64.whl", hash = "sha256:096d4de6bda726415dfaf3198d4f5c522b8e70139c97feef5cd2ca6d4cd9cead", size = 44528905, upload-time = "2025-06-05T20:02:29.754Z" },
    { url = "https://files.pythonhosted.org/packages/52/de/823919be3b9d0ccbf1f784035423c5f18f4267fb0123558d58b813c6ec86/nvidia_cuda_nvrtc_cu12-12.9.86-py3-none-win_amd64.whl", hash = "sha256:72972ebdcf504d69462d3bcd67e7b81edd25d0fb85a2c46d3ea3517666636349", size = 76408187, upload-time = "2025-06-05T20:12:27.819Z" },
]

[[package]]
name = "nvidia-cudnn-cu12"
version = "9.23.2.1"
source = { registry = "https://pypi.org/simple" }
dependencies = [
    { name = "nvidia-cublas-cu12" },
]
wheels = [
    { url = "https://files.pythonhosted.org/packages/a4/19/e70f60a82986f65111d30ffd1744ed3478a3f8cd67bcdac38bf00d57d9da/nvidia_cudnn_cu12-9.23.2.1-py3-none-manylinux_2_27_aarch64.whl", hash = "sha256:3adf706a93367d400b4e7668fc14834c7551c9122eeb22f8aec6435b18da5b6f", size = 778221490, upload-time = "2026-06-16T03:36:51.086Z" },
    { url = "https://files.pythonhosted.org/packages/e1/ef/276c358c6ab44efbe68e69977657cb80927e7ab6d45968d042e1083f45e5/nvidia_cudnn_cu12-9.23.2.1-py3-none-manylinux_2_27_x86_64.whl", hash = "sha256:a5e706320218dc7d661b0e13402f204eeccd07b18d061b4d60668f80e464dd1e", size = 721096736, upload-time = "2026-06-16T04:39:58.1Z" },
    { url = "https://files.pythonhosted.org/packages/9b/93/b37f3a0fe29b1ae3bbb42c22cc25cb152971bb400a589cade336bdf5f4f3/nvidia_cudnn_cu12-9.23.2.1-py3-none-win_amd64.whl", hash = "sha256:549d6eb120cdd89429997243cd2cad1e864aac3a2f887a93f17836ce72d83873", size = 689997647, upload-time = "2026-06-16T04:47:21.167Z" },
]
